
Microsoft Visual Studio Solution File, Format Version 12.00
# Visual Studio Version 17
VisualStudioVersion = 17.4.33006.217
MinimumVisualStudioVersion = 10.0.40219.1
Project("{FAE04EC0-301F-11D3-BF4B-00C04F79EFBC}") = "Mulakat", "Mulakat\Mulakat.csproj", "{2313AB62-ABD5-4225-934E-B841929C87CF}"
EndProject
Global
	GlobalSection(SolutionConfigurationPlatforms) = preSolution
		Debug|Any CPU = Debug|Any CPU
		Release|Any CPU = Release|Any CPU
	EndGlobalSection
	GlobalSection(ProjectConfigurationPlatforms) = postSolution
		{2313AB62-ABD5-4225-934E-B841929C87CF}.Debug|Any CPU.ActiveCfg = Debug|Any CPU
		{2313AB62-ABD5-4225-934E-B841929C87CF}.Debug|Any CPU.Build.0 = Debug|Any CPU
		{2313AB62-ABD5-4225-934E-B841929C87CF}.Release|Any CPU.ActiveCfg = Release|Any CPU
		{2313AB62-ABD5-4225-934E-B841929C87CF}.Release|Any CPU.Build.0 = Release|Any CPU
	EndGlobalSection
	GlobalSection(SolutionProperties) = preSolution
		HideSolutionNode = FALSE
	EndGlobalSection
	GlobalSection(ExtensibilityGlobals) = postSolution
		SolutionGuid = {D99C4801-158E-4F90-AA61-E0E736F7210F}
	EndGlobalSection
EndGlobal
